dependencies:
- name: postgresql
  repository: https://charts.bitnami.com/bitnami
  version: 9.8.9
- name: mongodb
  repository: https://charts.bitnami.com/bitnami
  version: 9.3.1
digest: sha256:33965ed2062968c22013a8f6393094bddeec256289ec28d87824e71c88913d62
generated: "2020-11-01T18:38:10.339852546-08:00"
