dependencies:
- name: postgresql
  repository: https://charts.bitnami.com/bitnami
  version: 9.8.9
- name: redis
  repository: https://charts.bitnami.com/bitnami
  version: 14.1.0
digest: sha256:214f3eea53f6087cae5d19f0e188f2705d61fb11602245dc0ba1f3b4ce5dc063
generated: "2021-05-01T16:40:19.961067638-07:00"
